
Microsoft Visual Studio Solution File, Format Version 12.00
# Visual Studio Version 17
VisualStudioVersion = 17.4.33403.182
MinimumVisualStudioVersion = 10.0.40219.1
Project("{FAE04EC0-301F-11D3-BF4B-00C04F79EFBC}") = "DataLayer", "DataLayer\DataLayer.csproj", "{A7983975-2FB3-460E-80A6-E23F60A96939}"
EndProject
Project("{FAE04EC0-301F-11D3-BF4B-00C04F79EFBC}") = "BusinessLayer", "BusinessLayer\BusinessLayer.csproj", "{7ABD5711-A580-4255-A02C-366EADE9257A}"
EndProject
Project("{FAE04EC0-301F-11D3-BF4B-00C04F79EFBC}") = "QLNHANSU", "QLNHANSU\QLNHANSU.csproj", "{419DAB4D-0B1B-4007-BCF9-6DDD7E0F4F9B}"
EndProject
Global
	GlobalSection(SolutionConfigurationPlatforms) = preSolution
		Debug|Any CPU = Debug|Any CPU
		Release|Any CPU = Release|Any CPU
	EndGlobalSection
	GlobalSection(ProjectConfigurationPlatforms) = postSolution
		{A7983975-2FB3-460E-80A6-E23F60A96939}.Debug|Any CPU.ActiveCfg = Debug|Any CPU
		{A7983975-2FB3-460E-80A6-E23F60A96939}.Debug|Any CPU.Build.0 = Debug|Any CPU
		{A7983975-2FB3-460E-80A6-E23F60A96939}.Release|Any CPU.ActiveCfg = Release|Any CPU
		{A7983975-2FB3-460E-80A6-E23F60A96939}.Release|Any CPU.Build.0 = Release|Any CPU
		{7ABD5711-A580-4255-A02C-366EADE9257A}.Debug|Any CPU.ActiveCfg = Debug|Any CPU
		{7ABD5711-A580-4255-A02C-366EADE9257A}.Debug|Any CPU.Build.0 = Debug|Any CPU
		{7ABD5711-A580-4255-A02C-366EADE9257A}.Release|Any CPU.ActiveCfg = Release|Any CPU
		{7ABD5711-A580-4255-A02C-366EADE9257A}.Release|Any CPU.Build.0 = Release|Any CPU
		{419DAB4D-0B1B-4007-BCF9-6DDD7E0F4F9B}.Debug|Any CPU.ActiveCfg = Debug|Any CPU
		{419DAB4D-0B1B-4007-BCF9-6DDD7E0F4F9B}.Debug|Any CPU.Build.0 = Debug|Any CPU
		{419DAB4D-0B1B-4007-BCF9-6DDD7E0F4F9B}.Release|Any CPU.ActiveCfg = Release|Any CPU
		{419DAB4D-0B1B-4007-BCF9-6DDD7E0F4F9B}.Release|Any CPU.Build.0 = Release|Any CPU
	EndGlobalSection
	GlobalSection(SolutionProperties) = preSolution
		HideSolutionNode = FALSE
	EndGlobalSection
	GlobalSection(ExtensibilityGlobals) = postSolution
		SolutionGuid = {86F229B0-7FA1-4B12-8805-3769E58997E0}
	EndGlobalSection
EndGlobal
